
Microsoft Visual Studio Solution File, Format Version 12.00
# Visual Studio Version 17
VisualStudioVersion = 17.11.35327.3
MinimumVisualStudioVersion = 10.0.40219.1
Project("{FAE04EC0-301F-11D3-BF4B-00C04F79EFBC}") = "HRAnalysis", "HRAnalysis\HRAnalysis.csproj", "{705615DD-DA5B-490B-B856-16F045AC6B24}"
EndProject
Global
	GlobalSection(SolutionConfigurationPlatforms) = preSolution
		Debug|Any CPU = Debug|Any CPU
		Release|Any CPU = Release|Any CPU
	EndGlobalSection
	GlobalSection(ProjectConfigurationPlatforms) = postSolution
		{705615DD-DA5B-490B-B856-16F045AC6B24}.Debug|Any CPU.ActiveCfg = Debug|Any CPU
		{705615DD-DA5B-490B-B856-16F045AC6B24}.Debug|Any CPU.Build.0 = Debug|Any CPU
		{705615DD-DA5B-490B-B856-16F045AC6B24}.Release|Any CPU.ActiveCfg = Release|Any CPU
		{705615DD-DA5B-490B-B856-16F045AC6B24}.Release|Any CPU.Build.0 = Release|Any CPU
	EndGlobalSection
	GlobalSection(SolutionProperties) = preSolution
		HideSolutionNode = FALSE
	EndGlobalSection
	GlobalSection(ExtensibilityGlobals) = postSolution
		SolutionGuid = {DBFED6AE-5C5D-4689-9FDC-ACED53C9A27B}
	EndGlobalSection
EndGlobal
